
Microsoft Visual Studio Solution File, Format Version 10.00
# Visual Studio 2008
Project("{F184B08F-C81C-45F6-A57F-5ABD9991F28F}") = "Dotnetnuke.Modules.Gallery_DES", "Dotnetnuke.Modules.Gallery_DES.vbproj", "{240DEBB5-2470-4D4B-892D-A6ADBC61A39D}"
EndProject
Project("{2150E333-8FDC-42A3-9474-1A3956D46DE8}") = "Solution Items", "Solution Items", "{E1196ECE-8889-4291-A79F-45207DCE9B58}"
	ProjectSection(SolutionItems) = preProject
		Buildfiles\Dotnetnuke.Modules.GalleryBuild.targets = Buildfiles\Dotnetnuke.Modules.GalleryBuild.targets
	EndProjectSection
EndProject
Project("{E24C65DC-7377-472B-9ABA-BC803B73C61A}") = "493i", "..\..\..\493i", "{3E323DFB-5BAE-4705-8199-22CCC4ABAE9C}"
	ProjectSection(WebsiteProperties) = preProject
		TargetFramework = "2.0"
		Debug.AspNetCompiler.VirtualPath = "/493i"
		Debug.AspNetCompiler.PhysicalPath = "..\..\..\493i\"
		Debug.AspNetCompiler.TargetPath = "PrecompiledWeb\493i\"
		Debug.AspNetCompiler.Updateable = "true"
		Debug.AspNetCompiler.ForceOverwrite = "true"
		Debug.AspNetCompiler.FixedNames = "false"
		Debug.AspNetCompiler.Debug = "True"
		Release.AspNetCompiler.VirtualPath = "/493i"
		Release.AspNetCompiler.PhysicalPath = "..\..\..\493i\"
		Release.AspNetCompiler.TargetPath = "PrecompiledWeb\493i\"
		Release.AspNetCompiler.Updateable = "true"
		Release.AspNetCompiler.ForceOverwrite = "true"
		Release.AspNetCompiler.FixedNames = "false"
		Release.AspNetCompiler.Debug = "False"
		VWDPort = "5605"
	EndProjectSection
EndProject
Global
	GlobalSection(SolutionConfigurationPlatforms) = preSolution
		Debug|Any CPU = Debug|Any CPU
		Release|Any CPU = Release|Any CPU
	EndGlobalSection
	GlobalSection(ProjectConfigurationPlatforms) = postSolution
		{240DEBB5-2470-4D4B-892D-A6ADBC61A39D}.Debug|Any CPU.ActiveCfg = Release|Any CPU
		{240DEBB5-2470-4D4B-892D-A6ADBC61A39D}.Debug|Any CPU.Build.0 = Release|Any CPU
		{240DEBB5-2470-4D4B-892D-A6ADBC61A39D}.Release|Any CPU.ActiveCfg = Release|Any CPU
		{240DEBB5-2470-4D4B-892D-A6ADBC61A39D}.Release|Any CPU.Build.0 = Release|Any CPU
		{3E323DFB-5BAE-4705-8199-22CCC4ABAE9C}.Debug|Any CPU.ActiveCfg = Debug|Any CPU
		{3E323DFB-5BAE-4705-8199-22CCC4ABAE9C}.Release|Any CPU.ActiveCfg = Debug|Any CPU
	EndGlobalSection
	GlobalSection(SolutionProperties) = preSolution
		HideSolutionNode = FALSE
	EndGlobalSection
EndGlobal
